{
  "version": 4,
  "terraform_version": "1.6.0",
  "serial": 40,
  "lineage": "f7071e1a-3e91-15c6-7796-9923c564c934",
  "outputs": {
    "app_insights_cs": {
      "value": "InstrumentationKey=6c51bac9-9de9-4dea-bcef-027da35384ac;IngestionEndpoint=https://southeastasia-0.in.applicationinsights.azure.com/;LiveEndpoint=https://southeastasia.livediagnostics.monitor.azure.com/",
      "type": "string",
      "sensitive": true
    },
    "resource_group_id": {
      "value": "/subscriptions/c7f1ca40-ab68-422d-b857-64894cde8adc/resourceGroups/kylehipz",
      "type": "string"
    }
  },
  "resources": [
    {
      "mode": "data",
      "type": "azuread_client_config",
      "name": "current",
      "provider": "provider[\"registry.terraform.io/hashicorp/azuread\"]",
      "instances": [
        {
          "schema_version": 0,
          "attributes": {
            "client_id": "04b07795-8ddb-461a-bbee-02f9e1bf7b46",
            "id": "7a22d5eb-060c-4bb7-adc8-45b914a137a3-04b07795-8ddb-461a-bbee-02f9e1bf7b46-b6837b45-506d-4679-9043-e336643febb0",
            "object_id": "b6837b45-506d-4679-9043-e336643febb0",
            "tenant_id": "7a22d5eb-060c-4bb7-adc8-45b914a137a3",
            "timeouts": null
          },
          "sensitive_attributes": []
        }
      ]
    },
    {
      "mode": "managed",
      "type": "azuread_group",
      "name": "group",
      "provider": "provider[\"registry.terraform.io/hashicorp/azuread\"]",
      "instances": [
        {
          "schema_version": 0,
          "attributes": {
            "assignable_to_role": false,
            "behaviors": [],
            "description": "",
            "display_name": "Kyle Hipz Devs",
            "dynamic_membership": [],
            "id": "df31de55-e1dc-4cc3-9f3c-14f443dafa8e",
            "mail": "",
            "mail_enabled": false,
            "mail_nickname": "97ab49d0-3",
            "members": [
              "b6837b45-506d-4679-9043-e336643febb0"
            ],
            "object_id": "df31de55-e1dc-4cc3-9f3c-14f443dafa8e",
            "onpremises_domain_name": "",
            "onpremises_netbios_name": "",
            "onpremises_sam_account_name": "",
            "onpremises_security_identifier": "",
            "onpremises_sync_enabled": false,
            "owners": [
              "b6837b45-506d-4679-9043-e336643febb0"
            ],
            "preferred_language": "",
            "prevent_duplicate_names": false,
            "provisioning_options": [],
            "proxy_addresses": [],
            "security_enabled": true,
            "theme": "",
            "timeouts": null,
            "types": [],
            "visibility": ""
          },
          "sensitive_attributes": [],
          "private": "eyJlMmJmYjczMC1lY2FhLTExZTYtOGY4OC0zNDM2M2JjN2M0YzAiOnsiY3JlYXRlIjoxMjAwMDAwMDAwMDAwLCJkZWxldGUiOjMwMDAwMDAwMDAwMCwicmVhZCI6MzAwMDAwMDAwMDAwLCJ1cGRhdGUiOjEyMDAwMDAwMDAwMDB9fQ==",
          "dependencies": [
            "data.azuread_client_config.current"
          ]
        }
      ]
    },
    {
      "mode": "managed",
      "type": "azurerm_application_insights",
      "name": "ai",
      "provider": "provider[\"registry.terraform.io/hashicorp/azurerm\"]",
      "instances": [
        {
          "schema_version": 1,
          "attributes": {
            "app_id": "8c9d614f-d0ed-4625-ab32-7eeb737f29be",
            "application_type": "web",
            "connection_string": "InstrumentationKey=6c51bac9-9de9-4dea-bcef-027da35384ac;IngestionEndpoint=https://southeastasia-0.in.applicationinsights.azure.com/;LiveEndpoint=https://southeastasia.livediagnostics.monitor.azure.com/",
            "daily_data_cap_in_gb": 100,
            "daily_data_cap_notifications_disabled": false,
            "disable_ip_masking": false,
            "force_customer_storage_for_profiler": false,
            "id": "/subscriptions/c7f1ca40-ab68-422d-b857-64894cde8adc/resourceGroups/kylehipz/providers/Microsoft.Insights/components/kylehipz-ai",
            "instrumentation_key": "6c51bac9-9de9-4dea-bcef-027da35384ac",
            "internet_ingestion_enabled": true,
            "internet_query_enabled": true,
            "local_authentication_disabled": false,
            "location": "southeastasia",
            "name": "kylehipz-ai",
            "resource_group_name": "kylehipz",
            "retention_in_days": 90,
            "sampling_percentage": 100,
            "tags": {},
            "timeouts": null,
            "workspace_id": null
          },
          "sensitive_attributes": [],
          "private": "eyJlMmJmYjczMC1lY2FhLTExZTYtOGY4OC0zNDM2M2JjN2M0YzAiOnsiY3JlYXRlIjozNjAwMDAwMDAwMDAwLCJkZWxldGUiOjE4MDAwMDAwMDAwMDAsInJlYWQiOjMwMDAwMDAwMDAwMCwidXBkYXRlIjoxODAwMDAwMDAwMDAwfSwic2NoZW1hX3ZlcnNpb24iOiIxIn0=",
          "dependencies": [
            "azurerm_resource_group.rg"
          ]
        }
      ]
    },
    {
      "mode": "managed",
      "type": "azurerm_key_vault",
      "name": "kv",
      "provider": "provider[\"registry.terraform.io/hashicorp/azurerm\"]",
      "instances": [
        {
          "schema_version": 2,
          "attributes": {
            "access_policy": [
              {
                "application_id": "",
                "certificate_permissions": [],
                "key_permissions": [
                  "Get"
                ],
                "object_id": "b6837b45-506d-4679-9043-e336643febb0",
                "secret_permissions": [
                  "Get"
                ],
                "storage_permissions": [
                  "Get"
                ],
                "tenant_id": "7a22d5eb-060c-4bb7-adc8-45b914a137a3"
              }
            ],
            "contact": [],
            "enable_rbac_authorization": true,
            "enabled_for_deployment": false,
            "enabled_for_disk_encryption": true,
            "enabled_for_template_deployment": false,
            "id": "/subscriptions/c7f1ca40-ab68-422d-b857-64894cde8adc/resourceGroups/kylehipz/providers/Microsoft.KeyVault/vaults/kylehipz-kv",
            "location": "southeastasia",
            "name": "kylehipz-kv",
            "network_acls": [
              {
                "bypass": "AzureServices",
                "default_action": "Allow",
                "ip_rules": [],
                "virtual_network_subnet_ids": []
              }
            ],
            "purge_protection_enabled": false,
            "resource_group_name": "kylehipz",
            "sku_name": "standard",
            "soft_delete_retention_days": 7,
            "tags": {},
            "tenant_id": "7a22d5eb-060c-4bb7-adc8-45b914a137a3",
            "timeouts": null,
            "vault_uri": "https://kylehipz-kv.vault.azure.net/"
          },
          "sensitive_attributes": [],
          "private": "eyJlMmJmYjczMC1lY2FhLTExZTYtOGY4OC0zNDM2M2JjN2M0YzAiOnsiY3JlYXRlIjoxODAwMDAwMDAwMDAwLCJkZWxldGUiOjE4MDAwMDAwMDAwMDAsInJlYWQiOjMwMDAwMDAwMDAwMCwidXBkYXRlIjoxODAwMDAwMDAwMDAwfSwic2NoZW1hX3ZlcnNpb24iOiIyIn0=",
          "dependencies": [
            "azurerm_resource_group.rg",
            "data.azuread_client_config.current"
          ]
        }
      ]
    },
    {
      "mode": "managed",
      "type": "azurerm_linux_web_app",
      "name": "as",
      "provider": "provider[\"registry.terraform.io/hashicorp/azurerm\"]",
      "instances": [
        {
          "schema_version": 0,
          "attributes": {
            "app_settings": {
              "WEBSITES_PORT": "8000"
            },
            "auth_settings": [
              {
                "active_directory": [],
                "additional_login_parameters": {},
                "allowed_external_redirect_urls": [],
                "default_provider": "",
                "enabled": false,
                "facebook": [],
                "github": [],
                "google": [],
                "issuer": "",
                "microsoft": [],
                "runtime_version": "",
                "token_refresh_extension_hours": 0,
                "token_store_enabled": false,
                "twitter": [],
                "unauthenticated_client_action": ""
              }
            ],
            "backup": [],
            "client_affinity_enabled": false,
            "client_certificate_enabled": false,
            "client_certificate_mode": "Required",
            "connection_string": [],
            "custom_domain_verification_id": "342269C5E32ACB8DFA7754E17829A47D41DC29C7496615CF8FF872367B5493B1",
            "default_hostname": "kylehipz.azurewebsites.net",
            "enabled": true,
            "https_only": false,
            "id": "/subscriptions/c7f1ca40-ab68-422d-b857-64894cde8adc/resourceGroups/kylehipz/providers/Microsoft.Web/sites/kylehipz",
            "identity": [
              {
                "identity_ids": null,
                "principal_id": "247aa9e5-8c46-4113-a1b8-0257e0762b22",
                "tenant_id": "7a22d5eb-060c-4bb7-adc8-45b914a137a3",
                "type": "SystemAssigned"
              }
            ],
            "key_vault_reference_identity_id": "SystemAssigned",
            "kind": "app,linux",
            "location": "southeastasia",
            "logs": [],
            "name": "kylehipz",
            "outbound_ip_address_list": [
              "20.198.190.127",
              "20.198.190.155",
              "20.198.190.178",
              "20.198.191.7",
              "20.198.191.9",
              "20.198.191.23",
              "20.212.64.16"
            ],
            "outbound_ip_addresses": "20.198.190.127,20.198.190.155,20.198.190.178,20.198.191.7,20.198.191.9,20.198.191.23,20.212.64.16",
            "possible_outbound_ip_address_list": [
              "20.205.241.35",
              "20.205.241.53",
              "20.205.241.58",
              "20.205.241.81",
              "20.205.241.114",
              "20.198.191.118",
              "20.44.210.190",
              "20.198.128.32",
              "20.198.184.108",
              "20.198.186.124",
              "20.198.189.158",
              "20.198.190.32",
              "20.198.190.127",
              "20.198.190.155",
              "20.198.190.178",
              "20.198.191.7",
              "20.198.191.9",
              "20.198.191.23",
              "20.198.191.30",
              "20.198.191.224",
              "20.205.240.50",
              "20.205.240.61",
              "20.205.240.253",
              "20.205.241.1",
              "20.205.241.35",
              "20.205.241.53",
              "20.205.241.58",
              "20.205.241.81",
              "20.205.241.114",
              "20.198.191.118",
              "20.205.241.129",
              "20.205.241.153",
              "20.205.241.155",
              "20.205.241.166",
              "20.205.241.173",
              "20.205.241.178",
              "20.212.64.16"
            ],
            "possible_outbound_ip_addresses": "20.205.241.35,20.205.241.53,20.205.241.58,20.205.241.81,20.205.241.114,20.198.191.118,20.44.210.190,20.198.128.32,20.198.184.108,20.198.186.124,20.198.189.158,20.198.190.32,20.198.190.127,20.198.190.155,20.198.190.178,20.198.191.7,20.198.191.9,20.198.191.23,20.198.191.30,20.198.191.224,20.205.240.50,20.205.240.61,20.205.240.253,20.205.241.1,20.205.241.35,20.205.241.53,20.205.241.58,20.205.241.81,20.205.241.114,20.198.191.118,20.205.241.129,20.205.241.153,20.205.241.155,20.205.241.166,20.205.241.173,20.205.241.178,20.212.64.16",
            "resource_group_name": "kylehipz",
            "service_plan_id": "/subscriptions/c7f1ca40-ab68-422d-b857-64894cde8adc/resourceGroups/kylehipz/providers/Microsoft.Web/serverfarms/kylehipz-plan",
            "site_config": [
              {
                "always_on": true,
                "api_definition_url": "",
                "api_management_api_id": "",
                "app_command_line": "",
                "application_stack": [
                  {
                    "docker_image": "",
                    "docker_image_tag": "",
                    "dotnet_version": "",
                    "java_server": "",
                    "java_server_version": "",
                    "java_version": "",
                    "node_version": "",
                    "php_version": "",
                    "python_version": "",
                    "ruby_version": ""
                  }
                ],
                "auto_heal_enabled": false,
                "auto_heal_setting": [],
                "container_registry_managed_identity_client_id": "",
                "container_registry_use_managed_identity": false,
                "cors": [],
                "default_documents": [
                  "Default.htm",
                  "Default.html",
                  "Default.asp",
                  "index.htm",
                  "index.html",
                  "iisstart.htm",
                  "default.aspx",
                  "index.php",
                  "hostingstart.html"
                ],
                "detailed_error_logging_enabled": false,
                "ftps_state": "Disabled",
                "health_check_eviction_time_in_min": 0,
                "health_check_path": "",
                "http2_enabled": true,
                "ip_restriction": [],
                "linux_fx_version": "",
                "load_balancing_mode": "LeastRequests",
                "local_mysql_enabled": false,
                "managed_pipeline_mode": "Integrated",
                "minimum_tls_version": "1.2",
                "remote_debugging_enabled": false,
                "remote_debugging_version": "VS2019",
                "scm_ip_restriction": [],
                "scm_minimum_tls_version": "1.2",
                "scm_type": "None",
                "scm_use_main_ip_restriction": false,
                "use_32_bit_worker": true,
                "vnet_route_all_enabled": false,
                "websockets_enabled": false,
                "worker_count": 1
              }
            ],
            "site_credential": [
              {
                "name": "$kylehipz",
                "password": "ageWEDowTfP3AdhsXEDsGJpC7DTLnfGNcrjNDtNqzeiCZWeaM8uHXficf1A7"
              }
            ],
            "storage_account": [],
            "tags": {},
            "timeouts": null
          },
          "sensitive_attributes": [],
          "private": "eyJlMmJmYjczMC1lY2FhLTExZTYtOGY4OC0zNDM2M2JjN2M0YzAiOnsiY3JlYXRlIjoxODAwMDAwMDAwMDAwLCJkZWxldGUiOjE4MDAwMDAwMDAwMDAsInJlYWQiOjMwMDAwMDAwMDAwMCwidXBkYXRlIjoxODAwMDAwMDAwMDAwfX0=",
          "dependencies": [
            "azurerm_resource_group.rg",
            "azurerm_service_plan.as_plan"
          ]
        }
      ]
    },
    {
      "mode": "managed",
      "type": "azurerm_linux_web_app_slot",
      "name": "as-slot",
      "provider": "provider[\"registry.terraform.io/hashicorp/azurerm\"]",
      "instances": [
        {
          "schema_version": 0,
          "attributes": {
            "app_metadata": {},
            "app_service_id": "/subscriptions/c7f1ca40-ab68-422d-b857-64894cde8adc/resourceGroups/kylehipz/providers/Microsoft.Web/sites/kylehipz",
            "app_settings": {},
            "auth_settings": [
              {
                "active_directory": [],
                "additional_login_parameters": {},
                "allowed_external_redirect_urls": [],
                "default_provider": "",
                "enabled": false,
                "facebook": [],
                "github": [],
                "google": [],
                "issuer": "",
                "microsoft": [],
                "runtime_version": "",
                "token_refresh_extension_hours": 0,
                "token_store_enabled": false,
                "twitter": [],
                "unauthenticated_client_action": ""
              }
            ],
            "backup": [],
            "client_affinity_enabled": false,
            "client_certificate_enabled": false,
            "client_certificate_mode": "Required",
            "connection_string": [],
            "custom_domain_verification_id": "342269C5E32ACB8DFA7754E17829A47D41DC29C7496615CF8FF872367B5493B1",
            "default_hostname": "kylehipz-staging.azurewebsites.net",
            "enabled": true,
            "https_only": false,
            "id": "/subscriptions/c7f1ca40-ab68-422d-b857-64894cde8adc/resourceGroups/kylehipz/providers/Microsoft.Web/sites/kylehipz/slots/staging",
            "identity": [
              {
                "identity_ids": null,
                "principal_id": "efbadb7c-de6e-4846-a725-43d4110f5f22",
                "tenant_id": "7a22d5eb-060c-4bb7-adc8-45b914a137a3",
                "type": "SystemAssigned"
              }
            ],
            "key_vault_reference_identity_id": "SystemAssigned",
            "kind": "app,linux",
            "logs": [],
            "name": "staging",
            "outbound_ip_address_list": [
              "20.198.190.127",
              "20.198.190.155",
              "20.198.190.178",
              "20.198.191.7",
              "20.198.191.9",
              "20.198.191.23",
              "20.212.64.16"
            ],
            "outbound_ip_addresses": "20.198.190.127,20.198.190.155,20.198.190.178,20.198.191.7,20.198.191.9,20.198.191.23,20.212.64.16",
            "possible_outbound_ip_address_list": [
              "20.205.241.35",
              "20.205.241.53",
              "20.205.241.58",
              "20.205.241.81",
              "20.205.241.114",
              "20.198.191.118",
              "20.44.210.190",
              "20.198.128.32",
              "20.198.184.108",
              "20.198.186.124",
              "20.198.189.158",
              "20.198.190.32",
              "20.198.190.127",
              "20.198.190.155",
              "20.198.190.178",
              "20.198.191.7",
              "20.198.191.9",
              "20.198.191.23",
              "20.198.191.30",
              "20.198.191.224",
              "20.205.240.50",
              "20.205.240.61",
              "20.205.240.253",
              "20.205.241.1",
              "20.205.241.35",
              "20.205.241.53",
              "20.205.241.58",
              "20.205.241.81",
              "20.205.241.114",
              "20.198.191.118",
              "20.205.241.129",
              "20.205.241.153",
              "20.205.241.155",
              "20.205.241.166",
              "20.205.241.173",
              "20.205.241.178",
              "20.212.64.16"
            ],
            "possible_outbound_ip_addresses": "20.205.241.35,20.205.241.53,20.205.241.58,20.205.241.81,20.205.241.114,20.198.191.118,20.44.210.190,20.198.128.32,20.198.184.108,20.198.186.124,20.198.189.158,20.198.190.32,20.198.190.127,20.198.190.155,20.198.190.178,20.198.191.7,20.198.191.9,20.198.191.23,20.198.191.30,20.198.191.224,20.205.240.50,20.205.240.61,20.205.240.253,20.205.241.1,20.205.241.35,20.205.241.53,20.205.241.58,20.205.241.81,20.205.241.114,20.198.191.118,20.205.241.129,20.205.241.153,20.205.241.155,20.205.241.166,20.205.241.173,20.205.241.178,20.212.64.16",
            "site_config": [
              {
                "always_on": true,
                "api_definition_url": "",
                "api_management_api_id": "",
                "app_command_line": "",
                "application_stack": [
                  {
                    "docker_image": "",
                    "docker_image_tag": "",
                    "dotnet_version": "",
                    "java_server": "",
                    "java_server_version": "",
                    "java_version": "",
                    "node_version": "",
                    "php_version": "",
                    "python_version": "",
                    "ruby_version": ""
                  }
                ],
                "auto_heal_enabled": false,
                "auto_heal_setting": [],
                "auto_swap_slot_name": "",
                "container_registry_managed_identity_client_id": "",
                "container_registry_use_managed_identity": false,
                "cors": [],
                "default_documents": [
                  "Default.htm",
                  "Default.html",
                  "Default.asp",
                  "index.htm",
                  "index.html",
                  "iisstart.htm",
                  "default.aspx",
                  "index.php",
                  "hostingstart.html"
                ],
                "detailed_error_logging_enabled": false,
                "ftps_state": "Disabled",
                "health_check_eviction_time_in_min": 0,
                "health_check_path": "",
                "http2_enabled": true,
                "ip_restriction": [],
                "linux_fx_version": "",
                "load_balancing_mode": "LeastRequests",
                "local_mysql_enabled": false,
                "managed_pipeline_mode": "Integrated",
                "minimum_tls_version": "1.2",
                "remote_debugging_enabled": false,
                "remote_debugging_version": "",
                "scm_ip_restriction": [],
                "scm_minimum_tls_version": "1.2",
                "scm_type": "None",
                "scm_use_main_ip_restriction": false,
                "use_32_bit_worker": true,
                "vnet_route_all_enabled": false,
                "websockets_enabled": false,
                "worker_count": 1
              }
            ],
            "site_credential": [
              {
                "name": "$kylehipz__staging",
                "password": "o3HHyD2mlP11fnqxQ9r5BmXhdGsiZlje9Ku0qJJAz63DdCGY00mdb6rtaXQq"
              }
            ],
            "storage_account": [],
            "tags": {},
            "timeouts": null
          },
          "sensitive_attributes": [],
          "private": "eyJlMmJmYjczMC1lY2FhLTExZTYtOGY4OC0zNDM2M2JjN2M0YzAiOnsiY3JlYXRlIjoxODAwMDAwMDAwMDAwLCJkZWxldGUiOjE4MDAwMDAwMDAwMDAsInJlYWQiOjMwMDAwMDAwMDAwMCwidXBkYXRlIjoxODAwMDAwMDAwMDAwfX0=",
          "dependencies": [
            "azurerm_linux_web_app.as",
            "azurerm_resource_group.rg",
            "azurerm_service_plan.as_plan"
          ]
        }
      ]
    },
    {
      "mode": "managed",
      "type": "azurerm_resource_group",
      "name": "rg",
      "provider": "provider[\"registry.terraform.io/hashicorp/azurerm\"]",
      "instances": [
        {
          "schema_version": 0,
          "attributes": {
            "id": "/subscriptions/c7f1ca40-ab68-422d-b857-64894cde8adc/resourceGroups/kylehipz",
            "location": "southeastasia",
            "name": "kylehipz",
            "tags": {},
            "timeouts": null
          },
          "sensitive_attributes": [],
          "private": "eyJlMmJmYjczMC1lY2FhLTExZTYtOGY4OC0zNDM2M2JjN2M0YzAiOnsiY3JlYXRlIjo1NDAwMDAwMDAwMDAwLCJkZWxldGUiOjU0MDAwMDAwMDAwMDAsInJlYWQiOjMwMDAwMDAwMDAwMCwidXBkYXRlIjo1NDAwMDAwMDAwMDAwfX0="
        }
      ]
    },
    {
      "mode": "managed",
      "type": "azurerm_service_plan",
      "name": "as_plan",
      "provider": "provider[\"registry.terraform.io/hashicorp/azurerm\"]",
      "instances": [
        {
          "schema_version": 0,
          "attributes": {
            "app_service_environment_id": "",
            "id": "/subscriptions/c7f1ca40-ab68-422d-b857-64894cde8adc/resourceGroups/kylehipz/providers/Microsoft.Web/serverfarms/kylehipz-plan",
            "kind": "linux",
            "location": "southeastasia",
            "maximum_elastic_worker_count": 1,
            "name": "kylehipz-plan",
            "os_type": "Linux",
            "per_site_scaling_enabled": false,
            "reserved": true,
            "resource_group_name": "kylehipz",
            "sku_name": "P1v2",
            "tags": {},
            "timeouts": null,
            "worker_count": 1
          },
          "sensitive_attributes": [],
          "private": "eyJlMmJmYjczMC1lY2FhLTExZTYtOGY4OC0zNDM2M2JjN2M0YzAiOnsiY3JlYXRlIjozNjAwMDAwMDAwMDAwLCJkZWxldGUiOjM2MDAwMDAwMDAwMDAsInJlYWQiOjMwMDAwMDAwMDAwMCwidXBkYXRlIjozNjAwMDAwMDAwMDAwfX0=",
          "dependencies": [
            "azurerm_resource_group.rg"
          ]
        }
      ]
    },
    {
      "mode": "managed",
      "type": "azurerm_storage_account",
      "name": "sa",
      "provider": "provider[\"registry.terraform.io/hashicorp/azurerm\"]",
      "instances": [
        {
          "schema_version": 3,
          "attributes": {
            "access_tier": "Hot",
            "account_kind": "StorageV2",
            "account_replication_type": "GRS",
            "account_tier": "Standard",
            "allow_nested_items_to_be_public": true,
            "azure_files_authentication": [],
            "blob_properties": [
              {
                "change_feed_enabled": false,
                "container_delete_retention_policy": [],
                "cors_rule": [],
                "default_service_version": "",
                "delete_retention_policy": [],
                "last_access_time_enabled": false,
                "versioning_enabled": false
              }
            ],
            "custom_domain": [],
            "customer_managed_key": [],
            "edge_zone": "",
            "enable_https_traffic_only": true,
            "id": "/subscriptions/c7f1ca40-ab68-422d-b857-64894cde8adc/resourceGroups/kylehipz/providers/Microsoft.Storage/storageAccounts/kylehipzsa",
            "identity": [],
            "infrastructure_encryption_enabled": false,
            "is_hns_enabled": false,
            "large_file_share_enabled": null,
            "location": "southeastasia",
            "min_tls_version": "TLS1_2",
            "name": "kylehipzsa",
            "network_rules": [
              {
                "bypass": [
                  "AzureServices"
                ],
                "default_action": "Allow",
                "ip_rules": [],
                "private_link_access": [],
                "virtual_network_subnet_ids": []
              }
            ],
            "nfsv3_enabled": false,
            "primary_access_key": "etbYkLGUxNxqu/1lw9oCFEUh6W65aPwnHPXH9wTmMNkqZwpMWX5aL/tP8pLYtAdUUbppVMEmdVam+ASt5I8VHg==",
            "primary_blob_connection_string": "DefaultEndpointsProtocol=https;BlobEndpoint=https://kylehipzsa.blob.core.windows.net/;AccountName=kylehipzsa;AccountKey=etbYkLGUxNxqu/1lw9oCFEUh6W65aPwnHPXH9wTmMNkqZwpMWX5aL/tP8pLYtAdUUbppVMEmdVam+ASt5I8VHg==",
            "primary_blob_endpoint": "https://kylehipzsa.blob.core.windows.net/",
            "primary_blob_host": "kylehipzsa.blob.core.windows.net",
            "primary_connection_string": "DefaultEndpointsProtocol=https;AccountName=kylehipzsa;AccountKey=etbYkLGUxNxqu/1lw9oCFEUh6W65aPwnHPXH9wTmMNkqZwpMWX5aL/tP8pLYtAdUUbppVMEmdVam+ASt5I8VHg==;EndpointSuffix=core.windows.net",
            "primary_dfs_endpoint": "https://kylehipzsa.dfs.core.windows.net/",
            "primary_dfs_host": "kylehipzsa.dfs.core.windows.net",
            "primary_file_endpoint": "https://kylehipzsa.file.core.windows.net/",
            "primary_file_host": "kylehipzsa.file.core.windows.net",
            "primary_location": "southeastasia",
            "primary_queue_endpoint": "https://kylehipzsa.queue.core.windows.net/",
            "primary_queue_host": "kylehipzsa.queue.core.windows.net",
            "primary_table_endpoint": "https://kylehipzsa.table.core.windows.net/",
            "primary_table_host": "kylehipzsa.table.core.windows.net",
            "primary_web_endpoint": "https://kylehipzsa.z23.web.core.windows.net/",
            "primary_web_host": "kylehipzsa.z23.web.core.windows.net",
            "queue_encryption_key_type": "Service",
            "queue_properties": [
              {
                "cors_rule": [],
                "hour_metrics": [
                  {
                    "enabled": true,
                    "include_apis": true,
                    "retention_policy_days": 7,
                    "version": "1.0"
                  }
                ],
                "logging": [
                  {
                    "delete": false,
                    "read": false,
                    "retention_policy_days": 0,
                    "version": "1.0",
                    "write": false
                  }
                ],
                "minute_metrics": [
                  {
                    "enabled": false,
                    "include_apis": false,
                    "retention_policy_days": 0,
                    "version": "1.0"
                  }
                ]
              }
            ],
            "resource_group_name": "kylehipz",
            "routing": [],
            "secondary_access_key": "NBez4b5LeFLzJymKAw65Vckpy+34CJFuhe2wYmS+KsW/3QDw1Xd6MtIDAb4mSYPIcQOJfJkYOMqQ+AStXDk9iw==",
            "secondary_blob_connection_string": "",
            "secondary_blob_endpoint": null,
            "secondary_blob_host": null,
            "secondary_connection_string": "DefaultEndpointsProtocol=https;AccountName=kylehipzsa;AccountKey=NBez4b5LeFLzJymKAw65Vckpy+34CJFuhe2wYmS+KsW/3QDw1Xd6MtIDAb4mSYPIcQOJfJkYOMqQ+AStXDk9iw==;EndpointSuffix=core.windows.net",
            "secondary_dfs_endpoint": null,
            "secondary_dfs_host": null,
            "secondary_file_endpoint": null,
            "secondary_file_host": null,
            "secondary_location": "eastasia",
            "secondary_queue_endpoint": null,
            "secondary_queue_host": null,
            "secondary_table_endpoint": null,
            "secondary_table_host": null,
            "secondary_web_endpoint": null,
            "secondary_web_host": null,
            "share_properties": [
              {
                "cors_rule": [],
                "retention_policy": [
                  {
                    "days": 7
                  }
                ],
                "smb": []
              }
            ],
            "shared_access_key_enabled": true,
            "static_website": [],
            "table_encryption_key_type": "Service",
            "tags": {
              "environment": "staging"
            },
            "timeouts": null
          },
          "sensitive_attributes": [],
          "private": "eyJlMmJmYjczMC1lY2FhLTExZTYtOGY4OC0zNDM2M2JjN2M0YzAiOnsiY3JlYXRlIjozNjAwMDAwMDAwMDAwLCJkZWxldGUiOjM2MDAwMDAwMDAwMDAsInJlYWQiOjMwMDAwMDAwMDAwMCwidXBkYXRlIjozNjAwMDAwMDAwMDAwfSwic2NoZW1hX3ZlcnNpb24iOiIzIn0=",
          "dependencies": [
            "azurerm_resource_group.rg"
          ]
        }
      ]
    }
  ],
  "check_results": null
}
